
Microsoft Visual Studio Solution File, Format Version 12.00
# Visual Studio 15
VisualStudioVersion = 15.0.27703.2026
MinimumVisualStudioVersion = 10.0.40219.1
Project("{FAE04EC0-301F-11D3-BF4B-00C04F79EFBC}") = "CellGame", "CellGame\CellGame.csproj", "{DFEABD55-3080-406B-AC97-F1EDDF396AD7}"
EndProject
Global
	GlobalSection(SolutionConfigurationPlatforms) = preSolution
		Debug|Any CPU = Debug|Any CPU
		Release|Any CPU = Release|Any CPU
	EndGlobalSection
	GlobalSection(ProjectConfigurationPlatforms) = postSolution
		{DFEABD55-3080-406B-AC97-F1EDDF396AD7}.Debug|Any CPU.ActiveCfg = Debug|Any CPU
		{DFEABD55-3080-406B-AC97-F1EDDF396AD7}.Debug|Any CPU.Build.0 = Debug|Any CPU
		{DFEABD55-3080-406B-AC97-F1EDDF396AD7}.Release|Any CPU.ActiveCfg = Release|Any CPU
		{DFEABD55-3080-406B-AC97-F1EDDF396AD7}.Release|Any CPU.Build.0 = Release|Any CPU
	EndGlobalSection
	GlobalSection(SolutionProperties) = preSolution
		HideSolutionNode = FALSE
	EndGlobalSection
	GlobalSection(ExtensibilityGlobals) = postSolution
		SolutionGuid = {B9C08F94-C6DF-43B5-B5DD-2AFC2BD2685B}
	EndGlobalSection
EndGlobal
